
Microsoft Visual Studio Solution File, Format Version 12.00
# Visual Studio Version 16
VisualStudioVersion = 16.0.29613.14
MinimumVisualStudioVersion = 10.0.40219.1
Project("{FAE04EC0-301F-11D3-BF4B-00C04F79EFBC}") = "CaesarEncryption", "CaesarEncryption\CaesarEncryption.csproj", "{6F608865-0001-46A2-97DE-A51FAF63A89B}"
EndProject
Global
	GlobalSection(SolutionConfigurationPlatforms) = preSolution
		Debug|Any CPU = Debug|Any CPU
		Release|Any CPU = Release|Any CPU
	EndGlobalSection
	GlobalSection(ProjectConfigurationPlatforms) = postSolution
		{6F608865-0001-46A2-97DE-A51FAF63A89B}.Debug|Any CPU.ActiveCfg = Debug|Any CPU
		{6F608865-0001-46A2-97DE-A51FAF63A89B}.Debug|Any CPU.Build.0 = Debug|Any CPU
		{6F608865-0001-46A2-97DE-A51FAF63A89B}.Release|Any CPU.ActiveCfg = Release|Any CPU
		{6F608865-0001-46A2-97DE-A51FAF63A89B}.Release|Any CPU.Build.0 = Release|Any CPU
	EndGlobalSection
	GlobalSection(SolutionProperties) = preSolution
		HideSolutionNode = FALSE
	EndGlobalSection
	GlobalSection(ExtensibilityGlobals) = postSolution
		SolutionGuid = {C7EE82A5-5DB2-45BE-9CB8-FBC009F18C92}
	EndGlobalSection
EndGlobal
